
Microsoft Visual Studio Solution File, Format Version 12.00
# Visual Studio Version 16
VisualStudioVersion = 16.0.29403.142
MinimumVisualStudioVersion = 10.0.40219.1
Project("{FAE04EC0-301F-11D3-BF4B-00C04F79EFBC}") = "DeduccionesSalariales", "DeduccionesSalariales\DeduccionesSalariales.csproj", "{10E64A1E-2E40-4B33-A080-2354C9190B50}"
EndProject
Global
	GlobalSection(SolutionConfigurationPlatforms) = preSolution
		Debug|Any CPU = Debug|Any CPU
		Release|Any CPU = Release|Any CPU
	EndGlobalSection
	GlobalSection(ProjectConfigurationPlatforms) = postSolution
		{10E64A1E-2E40-4B33-A080-2354C9190B50}.Debug|Any CPU.ActiveCfg = Debug|Any CPU
		{10E64A1E-2E40-4B33-A080-2354C9190B50}.Debug|Any CPU.Build.0 = Debug|Any CPU
		{10E64A1E-2E40-4B33-A080-2354C9190B50}.Release|Any CPU.ActiveCfg = Release|Any CPU
		{10E64A1E-2E40-4B33-A080-2354C9190B50}.Release|Any CPU.Build.0 = Release|Any CPU
	EndGlobalSection
	GlobalSection(SolutionProperties) = preSolution
		HideSolutionNode = FALSE
	EndGlobalSection
	GlobalSection(ExtensibilityGlobals) = postSolution
		SolutionGuid = {C17EC4B0-2F37-4A9E-821A-7B3F3D3EC0CF}
	EndGlobalSection
EndGlobal
